{
  "name": "ai-site-builder-prototype-main",
  "lockfileVersion": 3,
  "requires": true,
  "packages": {
    "": {
      "name": "ai-site-builder-prototype-main",
      "dependencies": {
        "@clerk/backend": "^3.8.2",
        "@vercel/blob": "latest"
      }
    },
    "node_modules/@clerk/backend": {
      "version": "3.8.2",
      "resolved": "https://registry.npmjs.org/@clerk/backend/-/backend-3.8.2.tgz",
      "integrity": "sha512-E/o2t3sEyRfB0/YvKd29cHHT/qxdvUwO35AHOFIcCwZ3GxcbfPjyvytsJf+ozwJd+3H89ROy5zcSEPPGnZa/zA==",
      "license": "MIT",
      "dependencies": {
        "@clerk/shared": "^4.20.0",
        "standardwebhooks": "^1.0.0",
        "tslib": "2.8.1"
      },
      "engines": {
        "node": ">=20.9.0"
      }
    },
    "node_modules/@clerk/shared": {
      "version": "4.20.0",
      "resolved": "https://registry.npmjs.org/@clerk/shared/-/shared-4.20.0.tgz",
      "integrity": "sha512-5t3YEnjwEwaect59N0Ycb5aDBbVGe3hICmy21X+n00IR1skmSTXPmPk/67bTktgEbGHxot2RGqhQbi2bFQV6AA==",
      "license": "MIT",
      "dependencies": {
        "@tanstack/query-core": "^5.100.6",
        "dequal": "2.0.3",
        "glob-to-regexp": "0.4.1",
        "js-cookie": "3.0.7"
      },
      "engines": {
        "node": ">=20.9.0"
      },
      "peerDependencies": {
        "react": "^18.0.0 || ~19.0.3 || ~19.1.4 || ~19.2.3 || ~19.3.0-0",
        "react-dom": "^18.0.0 || ~19.0.3 || ~19.1.4 || ~19.2.3 || ~19.3.0-0"
      },
      "peerDependenciesMeta": {
        "react": {
          "optional": true
        },
        "react-dom": {
          "optional": true
        }
      }
    },
    "node_modules/@stablelib/base64": {
      "version": "1.0.1",
      "resolved": "https://registry.npmjs.org/@stablelib/base64/-/base64-1.0.1.tgz",
      "integrity": "sha512-1bnPQqSxSuc3Ii6MhBysoWCg58j97aUjuCSZrGSmDxNqtytIi0k8utUenAwTZN4V5mXXYGsVUI9zeBqy+jBOSQ==",
      "license": "MIT"
    },
    "node_modules/@tanstack/query-core": {
      "version": "5.101.0",
      "resolved": "https://registry.npmjs.org/@tanstack/query-core/-/query-core-5.101.0.tgz",
      "integrity": "sha512-cQetA74EB+seWySv1TTKr828TnP0u39m6LykwDXIo84SNortpDkp30TMEjkqtYCNP9c40uT/iwl6MLiufEt0Ow==",
      "license": "MIT",
      "funding": {
        "type": "github",
        "url": "https://github.com/sponsors/tannerlinsley"
      }
    },
    "node_modules/@vercel/blob": {
      "version": "2.4.0",
      "resolved": "https://registry.npmjs.org/@vercel/blob/-/blob-2.4.0.tgz",
      "integrity": "sha512-ncQ8CRb6XoEAYJwjOTRGpACRT6h/AeY+/33gLyeVxG5BIes27OPm1jmqreF+JHjcTmGhClTP+kBpmyLfbV0xew==",
      "license": "Apache-2.0",
      "dependencies": {
        "async-retry": "^1.3.3",
        "is-buffer": "^2.0.5",
        "is-node-process": "^1.2.0",
        "throttleit": "^2.1.0",
        "undici": "^6.23.0"
      },
      "engines": {
        "node": ">=20.0.0"
      }
    },
    "node_modules/async-retry": {
      "version": "1.3.3",
      "resolved": "https://registry.npmjs.org/async-retry/-/async-retry-1.3.3.tgz",
      "integrity": "sha512-wfr/jstw9xNi/0teMHrRW7dsz3Lt5ARhYNZ2ewpadnhaIp5mbALhOAP+EAdsC7t4Z6wqsDVv9+W6gm1Dk9mEyw==",
      "license": "MIT",
      "dependencies": {
        "retry": "0.13.1"
      }
    },
    "node_modules/dequal": {
      "version": "2.0.3",
      "resolved": "https://registry.npmjs.org/dequal/-/dequal-2.0.3.tgz",
      "integrity": "sha512-0je+qPKHEMohvfRTCEo3CrPG6cAzAYgmzKyxRiYSSDkS6eGJdyVJm7WaYA5ECaAD9wLB2T4EEeymA5aFVcYXCA==",
      "license": "MIT",
      "engines": {
        "node": ">=6"
      }
    },
    "node_modules/fast-sha256": {
      "version": "1.3.0",
      "resolved": "https://registry.npmjs.org/fast-sha256/-/fast-sha256-1.3.0.tgz",
      "integrity": "sha512-n11RGP/lrWEFI/bWdygLxhI+pVeo1ZYIVwvvPkW7azl/rOy+F3HYRZ2K5zeE9mmkhQppyv9sQFx0JM9UabnpPQ==",
      "license": "Unlicense"
    },
    "node_modules/glob-to-regexp": {
      "version": "0.4.1",
      "resolved": "https://registry.npmjs.org/glob-to-regexp/-/glob-to-regexp-0.4.1.tgz",
      "integrity": "sha512-lkX1HJXwyMcprw/5YUZc2s7DrpAiHB21/V+E1rHUrVNokkvB6bqMzT0VfV6/86ZNabt1k14YOIaT7nDvOX3Iiw==",
      "license": "BSD-2-Clause"
    },
    "node_modules/is-buffer": {
      "version": "2.0.5",
      "resolved": "https://registry.npmjs.org/is-buffer/-/is-buffer-2.0.5.tgz",
      "integrity": "sha512-i2R6zNFDwgEHJyQUtJEk0XFi1i0dPFn/oqjK3/vPCcDeJvW5NQ83V8QbicfF1SupOaB0h8ntgBC2YiE7dfyctQ==",
      "funding": [
        {
          "type": "github",
          "url": "https://github.com/sponsors/feross"
        },
        {
          "type": "patreon",
          "url": "https://www.patreon.com/feross"
        },
        {
          "type": "consulting",
          "url": "https://feross.org/support"
        }
      ],
      "license": "MIT",
      "engines": {
        "node": ">=4"
      }
    },
    "node_modules/is-node-process": {
      "version": "1.2.0",
      "resolved": "https://registry.npmjs.org/is-node-process/-/is-node-process-1.2.0.tgz",
      "integrity": "sha512-Vg4o6/fqPxIjtxgUH5QLJhwZ7gW5diGCVlXpuUfELC62CuxM1iHcRe51f2W1FDy04Ai4KJkagKjx3XaqyfRKXw==",
      "license": "MIT"
    },
    "node_modules/js-cookie": {
      "version": "3.0.7",
      "resolved": "https://registry.npmjs.org/js-cookie/-/js-cookie-3.0.7.tgz",
      "integrity": "sha512-z/wZZgDrkNV1eA0ULjM/F9/50Ya8fbzgKneSpoPsXSGd0KnpdtHfOZWK+GcwLk+EZbS4F9RBhU+K2RgzuDaItw==",
      "license": "MIT",
      "engines": {
        "node": ">=20"
      }
    },
    "node_modules/retry": {
      "version": "0.13.1",
      "resolved": "https://registry.npmjs.org/retry/-/retry-0.13.1.tgz",
      "integrity": "sha512-XQBQ3I8W1Cge0Seh+6gjj03LbmRFWuoszgK9ooCpwYIrhhoO80pfq4cUkU5DkknwfOfFteRwlZ56PYOGYyFWdg==",
      "license": "MIT",
      "engines": {
        "node": ">= 4"
      }
    },
    "node_modules/standardwebhooks": {
      "version": "1.0.0",
      "resolved": "https://registry.npmjs.org/standardwebhooks/-/standardwebhooks-1.0.0.tgz",
      "integrity": "sha512-BbHGOQK9olHPMvQNHWul6MYlrRTAOKn03rOe4A8O3CLWhNf4YHBqq2HJKKC+sfqpxiBY52pNeesD6jIiLDz8jg==",
      "license": "MIT",
      "dependencies": {
        "@stablelib/base64": "^1.0.0",
        "fast-sha256": "^1.3.0"
      }
    },
    "node_modules/throttleit": {
      "version": "2.1.0",
      "resolved": "https://registry.npmjs.org/throttleit/-/throttleit-2.1.0.tgz",
      "integrity": "sha512-nt6AMGKW1p/70DF/hGBdJB57B8Tspmbp5gfJ8ilhLnt7kkr2ye7hzD6NVG8GGErk2HWF34igrL2CXmNIkzKqKw==",
      "license": "MIT",
      "engines": {
        "node": ">=18"
      },
      "funding": {
        "url": "https://github.com/sponsors/sindresorhus"
      }
    },
    "node_modules/tslib": {
      "version": "2.8.1",
      "resolved": "https://registry.npmjs.org/tslib/-/tslib-2.8.1.tgz",
      "integrity": "sha512-oJFu94HQb+KVduSUQL7wnpmqnfmLsOA/nAh6b6EH0wCEoK0/mPeXU6c3wKDV83MkOuHPRHtSXKKU99IBazS/2w==",
      "license": "0BSD"
    },
    "node_modules/undici": {
      "version": "6.27.0",
      "resolved": "https://registry.npmjs.org/undici/-/undici-6.27.0.tgz",
      "integrity": "sha512-YmfV3YnEDzXRC5lZ2jWtWWHKGUm1zIt8AhesR1tens+HTNv+YZlN/dp6G727LOvMJ8xjP9Be7Y2Sdr96LDm+pg==",
      "license": "MIT",
      "engines": {
        "node": ">=18.17"
      }
    }
  }
}
